
Microsoft Visual Studio Solution File, Format Version 12.00
# Visual Studio Version 17
VisualStudioVersion = 17.14.36717.8
MinimumVisualStudioVersion = 10.0.40219.1
Project("{FAE04EC0-301F-11D3-BF4B-00C04F79EFBC}") = "SchoolClearanceSystem", "SchoolClearanceSystem\SchoolClearanceSystem.csproj", "{EAD8C71B-8DE5-443F-8DFF-961BED872184}"
EndProject
Global
	GlobalSection(SolutionConfigurationPlatforms) = preSolution
		Debug|x64 = Debug|x64
		Release|x64 = Release|x64
		x64|x64 = x64|x64
	EndGlobalSection
	GlobalSection(ProjectConfigurationPlatforms) = postSolution
		{EAD8C71B-8DE5-443F-8DFF-961BED872184}.Debug|x64.ActiveCfg = Debug|x64
		{EAD8C71B-8DE5-443F-8DFF-961BED872184}.Debug|x64.Build.0 = Debug|x64
		{EAD8C71B-8DE5-443F-8DFF-961BED872184}.Release|x64.ActiveCfg = Release|x64
		{EAD8C71B-8DE5-443F-8DFF-961BED872184}.Release|x64.Build.0 = Release|x64
		{EAD8C71B-8DE5-443F-8DFF-961BED872184}.x64|x64.ActiveCfg = x64|x64
		{EAD8C71B-8DE5-443F-8DFF-961BED872184}.x64|x64.Build.0 = x64|x64
	EndGlobalSection
	GlobalSection(SolutionProperties) = preSolution
		HideSolutionNode = FALSE
	EndGlobalSection
	GlobalSection(ExtensibilityGlobals) = postSolution
		SolutionGuid = {B8A525B8-EE11-441D-B2AE-396EC6E83CB3}
	EndGlobalSection
EndGlobal
